
Microsoft Visual Studio Solution File, Format Version 12.00
# Visual Studio Version 17
VisualStudioVersion = 17.11.35222.181
MinimumVisualStudioVersion = 10.0.40219.1
Project("{9A19103F-16F7-4668-BE54-9A1E7A4F7556}") = "StringExtensions", "StringExtensions\StringExtensions.csproj", "{E4AF6529-683F-47C9-B27B-C76DD32DEA77}"
EndProject
Project("{2150E333-8FDC-42A3-9474-1A3956D46DE8}") = "Solution Items", "Solution Items", "{C83C32AE-EAE5-4DB6-9751-B95A7D060C29}"
	ProjectSection(SolutionItems) = preProject
		nuget.config = nuget.config
	EndProjectSection
EndProject
Global
	GlobalSection(SolutionConfigurationPlatforms) = preSolution
		Debug|Any CPU = Debug|Any CPU
		Release|Any CPU = Release|Any CPU
	EndGlobalSection
	GlobalSection(ProjectConfigurationPlatforms) = postSolution
		{E4AF6529-683F-47C9-B27B-C76DD32DEA77}.Debug|Any CPU.ActiveCfg = Debug|Any CPU
		{E4AF6529-683F-47C9-B27B-C76DD32DEA77}.Debug|Any CPU.Build.0 = Debug|Any CPU
		{E4AF6529-683F-47C9-B27B-C76DD32DEA77}.Release|Any CPU.ActiveCfg = Release|Any CPU
		{E4AF6529-683F-47C9-B27B-C76DD32DEA77}.Release|Any CPU.Build.0 = Release|Any CPU
	EndGlobalSection
	GlobalSection(SolutionProperties) = preSolution
		HideSolutionNode = FALSE
	EndGlobalSection
	GlobalSection(ExtensibilityGlobals) = postSolution
		SolutionGuid = {379ED5CE-5945-4725-A013-309E9FC6C7C4}
	EndGlobalSection
EndGlobal
